
Microsoft Visual Studio Solution File, Format Version 12.00
# Visual Studio 15
VisualStudioVersion = 15.0.27703.2000
MinimumVisualStudioVersion = 10.0.40219.1
Project("{FAE04EC0-301F-11D3-BF4B-00C04F79EFBC}") = "NoteWebApp", "NoteWebApp\NoteWebApp.csproj", "{886A933A-5CC8-43DA-95BB-EC91A1913A09}"
EndProject
Project("{FAE04EC0-301F-11D3-BF4B-00C04F79EFBC}") = "DatabaseHelper.Oracle", "DbHelper\DatabaseHelper.Oracle.csproj", "{D029BF47-A4AD-4DD0-8972-9A4112F7E2E9}"
EndProject
Global
	GlobalSection(SolutionConfigurationPlatforms) = preSolution
		Debug|Any CPU = Debug|Any CPU
		Debug|x64 = Debug|x64
		Release|Any CPU = Release|Any CPU
		Release|x64 = Release|x64
	EndGlobalSection
	GlobalSection(ProjectConfigurationPlatforms) = postSolution
		{886A933A-5CC8-43DA-95BB-EC91A1913A09}.Debug|Any CPU.ActiveCfg = Debug|Any CPU
		{886A933A-5CC8-43DA-95BB-EC91A1913A09}.Debug|Any CPU.Build.0 = Debug|Any CPU
		{886A933A-5CC8-43DA-95BB-EC91A1913A09}.Debug|x64.ActiveCfg = Debug|x64
		{886A933A-5CC8-43DA-95BB-EC91A1913A09}.Debug|x64.Build.0 = Debug|x64
		{886A933A-5CC8-43DA-95BB-EC91A1913A09}.Release|Any CPU.ActiveCfg = Release|Any CPU
		{886A933A-5CC8-43DA-95BB-EC91A1913A09}.Release|Any CPU.Build.0 = Release|Any CPU
		{886A933A-5CC8-43DA-95BB-EC91A1913A09}.Release|x64.ActiveCfg = Release|x64
		{886A933A-5CC8-43DA-95BB-EC91A1913A09}.Release|x64.Build.0 = Release|x64
		{D029BF47-A4AD-4DD0-8972-9A4112F7E2E9}.Debug|Any CPU.ActiveCfg = Debug|Any CPU
		{D029BF47-A4AD-4DD0-8972-9A4112F7E2E9}.Debug|Any CPU.Build.0 = Debug|Any CPU
		{D029BF47-A4AD-4DD0-8972-9A4112F7E2E9}.Debug|x64.ActiveCfg = Debug|Any CPU
		{D029BF47-A4AD-4DD0-8972-9A4112F7E2E9}.Debug|x64.Build.0 = Debug|Any CPU
		{D029BF47-A4AD-4DD0-8972-9A4112F7E2E9}.Release|Any CPU.ActiveCfg = Release|Any CPU
		{D029BF47-A4AD-4DD0-8972-9A4112F7E2E9}.Release|Any CPU.Build.0 = Release|Any CPU
		{D029BF47-A4AD-4DD0-8972-9A4112F7E2E9}.Release|x64.ActiveCfg = Release|Any CPU
		{D029BF47-A4AD-4DD0-8972-9A4112F7E2E9}.Release|x64.Build.0 = Release|Any CPU
	EndGlobalSection
	GlobalSection(SolutionProperties) = preSolution
		HideSolutionNode = FALSE
	EndGlobalSection
	GlobalSection(ExtensibilityGlobals) = postSolution
		SolutionGuid = {F6803093-B49B-4413-826C-6B693A7B920C}
	EndGlobalSection
EndGlobal
